
Microsoft Visual Studio Solution File, Format Version 12.00
# Visual Studio Version 17
VisualStudioVersion = 17.10.35027.167
MinimumVisualStudioVersion = 10.0.40219.1
Project("{FAE04EC0-301F-11D3-BF4B-00C04F79EFBC}") = "MaasHesapla", "MaasHesapla.csproj", "{28CD0E33-940B-4356-B895-B1E1E89BC288}"
EndProject
Global
	GlobalSection(SolutionConfigurationPlatforms) = preSolution
		Debug|Any CPU = Debug|Any CPU
		Release|Any CPU = Release|Any CPU
	EndGlobalSection
	GlobalSection(ProjectConfigurationPlatforms) = postSolution
		{28CD0E33-940B-4356-B895-B1E1E89BC288}.Debug|Any CPU.ActiveCfg = Debug|Any CPU
		{28CD0E33-940B-4356-B895-B1E1E89BC288}.Debug|Any CPU.Build.0 = Debug|Any CPU
		{28CD0E33-940B-4356-B895-B1E1E89BC288}.Release|Any CPU.ActiveCfg = Release|Any CPU
		{28CD0E33-940B-4356-B895-B1E1E89BC288}.Release|Any CPU.Build.0 = Release|Any CPU
	EndGlobalSection
	GlobalSection(SolutionProperties) = preSolution
		HideSolutionNode = FALSE
	EndGlobalSection
	GlobalSection(ExtensibilityGlobals) = postSolution
		SolutionGuid = {DED80BE3-823E-499E-9128-22A3D543205D}
	EndGlobalSection
EndGlobal
